// !$*UTF8*$!
{
	archiveVersion = 1;
	classes = {
	};
	objectVersion = 56;
	objects = {

/* Begin PBXBuildFile section */
		9C21849F291C143400BD5313 /* DescribeViewController.swift in Sources */ = {isa = PBXBuildFile; fileRef = 9C21849E291C143400BD5313 /* DescribeViewController.swift */; };
		9C3C8DE92914E485005EB565 /* AppDelegate.swift in Sources */ = {isa = PBXBuildFile; fileRef = 9C3C8DE82914E485005EB565 /* AppDelegate.swift */; };
		9C3C8DEB2914E485005EB565 /* SceneDelegate.swift in Sources */ = {isa = PBXBuildFile; fileRef = 9C3C8DEA2914E485005EB565 /* SceneDelegate.swift */; };
		9C3C8DED2914E485005EB565 /* LoginViewController.swift in Sources */ = {isa = PBXBuildFile; fileRef = 9C3C8DEC2914E485005EB565 /* LoginViewController.swift */; };
		9C3C8DF02914E485005EB565 /* Main.storyboard in Resources */ = {isa = PBXBuildFile; fileRef = 9C3C8DEE2914E485005EB565 /* Main.storyboard */; };
		9C3C8DF22914E487005EB565 /* Assets.xcassets in Resources */ = {isa = PBXBuildFile; fileRef = 9C3C8DF12914E487005EB565 /* Assets.xcassets */; };
		9C3C8DF52914E487005EB565 /* LaunchScreen.storyboard in Resources */ = {isa = PBXBuildFile; fileRef = 9C3C8DF32914E487005EB565 /* LaunchScreen.storyboard */; };
		9CDA3330291C16F9007E51D3 /* StoryViewController.swift in Sources */ = {isa = PBXBuildFile; fileRef = 9CDA332F291C16F9007E51D3 /* StoryViewController.swift */; };
		9CDA3332291C25D2007E51D3 /* TabBarViewController.swift in Sources */ = {isa = PBXBuildFile; fileRef = 9CDA3331291C25D2007E51D3 /* TabBarViewController.swift */; };
		9CE81AFE2916E61B00C0CA16 /* WelcomeViewController.swift in Sources */ = {isa = PBXBuildFile; fileRef = 9CE81AFD2916E61B00C0CA16 /* WelcomeViewController.swift */; };
		9CE81B04291C067700C0CA16 /* Information.swift in Sources */ = {isa = PBXBuildFile; fileRef = 9CE81B03291C067700C0CA16 /* Information.swift */; };
/* End PBXBuildFile section */

/* Begin PBXFileReference section */
		9C21849E291C143400BD5313 /* DescribeViewController.swift */ = {isa = PBXFileReference; lastKnownFileType = sourcecode.swift; path = DescribeViewController.swift; sourceTree = "<group>"; };
		9C3C8DE52914E485005EB565 /* LogInWithPassword.app */ = {isa = PBXFileReference; explicitFileType = wrapper.application; includeInIndex = 0; path = LogInWithPassword.app; sourceTree = BUILT_PRODUCTS_DIR; };
		9C3C8DE82914E485005EB565 /* AppDelegate.swift */ = {isa = PBXFileReference; lastKnownFileType = sourcecode.swift; path = AppDelegate.swift; sourceTree = "<group>"; };
		9C3C8DEA2914E485005EB565 /* SceneDelegate.swift */ = {isa = PBXFileReference; lastKnownFileType = sourcecode.swift; path = SceneDelegate.swift; sourceTree = "<group>"; };
		9C3C8DEC2914E485005EB565 /* LoginViewController.swift */ = {isa = PBXFileReference; lastKnownFileType = sourcecode.swift; path = LoginViewController.swift; sourceTree = "<group>"; };
		9C3C8DEF2914E485005EB565 /* Base */ = {isa = PBXFileReference; lastKnownFileType = file.storyboard; name = Base; path = Base.lproj/Main.storyboard; sourceTree = "<group>"; };
		9C3C8DF12914E487005EB565 /* Assets.xcassets */ = {isa = PBXFileReference; lastKnownFileType = folder.assetcatalog; path = Assets.xcassets; sourceTree = "<group>"; };
		9C3C8DF42914E487005EB565 /* Base */ = {isa = PBXFileReference; lastKnownFileType = file.storyboard; name = Base; path = Base.lproj/LaunchScreen.storyboard; sourceTree = "<group>"; };
		9C3C8DF62914E487005EB565 /* Info.plist */ = {isa = PBXFileReference; lastKnownFileType = text.plist.xml; path = Info.plist; sourceTree = "<group>"; };
		9CDA332F291C16F9007E51D3 /* StoryViewController.swift */ = {isa = PBXFileReference; lastKnownFileType = sourcecode.swift; path = StoryViewController.swift; sourceTree = "<group>"; };
		9CDA3331291C25D2007E51D3 /* TabBarViewController.swift */ = {isa = PBXFileReference; lastKnownFileType = sourcecode.swift; path = TabBarViewController.swift; sourceTree = "<group>"; };
		9CE81AFD2916E61B00C0CA16 /* WelcomeViewController.swift */ = {isa = PBXFileReference; lastKnownFileType = sourcecode.swift; path = WelcomeViewController.swift; sourceTree = "<group>"; };
		9CE81B03291C067700C0CA16 /* Information.swift */ = {isa = PBXFileReference; lastKnownFileType = sourcecode.swift; path = Information.swift; sourceTree = "<group>"; };
/* End PBXFileReference section */

/* Begin PBXFrameworksBuildPhase section */
		9C3C8DE22914E485005EB565 /* Frameworks */ = {
			isa = PBXFrameworksBuildPhase;
			buildActionMask = 2147483647;
			files = (
			);
			runOnlyForDeploymentPostprocessing = 0;
		};
/* End PBXFrameworksBuildPhase section */

/* Begin PBXGroup section */
		9C3C8DDC2914E485005EB565 = {
			isa = PBXGroup;
			children = (
				9C3C8DE72914E485005EB565 /* LogInWithPassword */,
				9C3C8DE62914E485005EB565 /* Products */,
			);
			sourceTree = "<group>";
		};
		9C3C8DE62914E485005EB565 /* Products */ = {
			isa = PBXGroup;
			children = (
				9C3C8DE52914E485005EB565 /* LogInWithPassword.app */,
			);
			name = Products;
			sourceTree = "<group>";
		};
		9C3C8DE72914E485005EB565 /* LogInWithPassword */ = {
			isa = PBXGroup;
			children = (
				9CE81AFF291C04C000C0CA16 /* App */,
				9CE81B00291C04D800C0CA16 /* ViewControllers */,
				9CE81B01291C04F700C0CA16 /* Storyboards */,
				9CE81B02291C052300C0CA16 /* Resources */,
			);
			path = LogInWithPassword;
			sourceTree = "<group>";
		};
		9CE81AFF291C04C000C0CA16 /* App */ = {
			isa = PBXGroup;
			children = (
				9C3C8DE82914E485005EB565 /* AppDelegate.swift */,
				9C3C8DEA2914E485005EB565 /* SceneDelegate.swift */,
				9C3C8DF62914E487005EB565 /* Info.plist */,
			);
			path = App;
			sourceTree = "<group>";
		};
		9CE81B00291C04D800C0CA16 /* ViewControllers */ = {
			isa = PBXGroup;
			children = (
				9CDA332F291C16F9007E51D3 /* StoryViewController.swift */,
				9C21849E291C143400BD5313 /* DescribeViewController.swift */,
				9CE81AFD2916E61B00C0CA16 /* WelcomeViewController.swift */,
				9C3C8DEC2914E485005EB565 /* LoginViewController.swift */,
				9CE81B03291C067700C0CA16 /* Information.swift */,
				9CDA3331291C25D2007E51D3 /* TabBarViewController.swift */,
			);
			path = ViewControllers;
			sourceTree = "<group>";
		};
		9CE81B01291C04F700C0CA16 /* Storyboards */ = {
			isa = PBXGroup;
			children = (
				9C3C8DEE2914E485005EB565 /* Main.storyboard */,
				9C3C8DF32914E487005EB565 /* LaunchScreen.storyboard */,
			);
			path = Storyboards;
			sourceTree = "<group>";
		};
		9CE81B02291C052300C0CA16 /* Resources */ = {
			isa = PBXGroup;
			children = (
				9C3C8DF12914E487005EB565 /* Assets.xcassets */,
			);
			path = Resources;
			sourceTree = "<group>";
		};
/* End PBXGroup section */

/* Begin PBXNativeTarget section */
		9C3C8DE42914E485005EB565 /* LogInWithPassword */ = {
			isa = PBXNativeTarget;
			buildConfigurationList = 9C3C8DF92914E487005EB565 /* Build configuration list for PBXNativeTarget "LogInWithPassword" */;
			buildPhases = (
				9C3C8DE12914E485005EB565 /* Sources */,
				9C3C8DE22914E485005EB565 /* Frameworks */,
				9C3C8DE32914E485005EB565 /* Resources */,
			);
			buildRules = (
			);
			dependencies = (
			);
			name = LogInWithPassword;
			productName = LogInWithPassword;
			productReference = 9C3C8DE52914E485005EB565 /* LogInWithPassword.app */;
			productType = "com.apple.product-type.application";
		};
/* End PBXNativeTarget section */

/* Begin PBXProject section */
		9C3C8DDD2914E485005EB565 /* Project object */ = {
			isa = PBXProject;
			attributes = {
				BuildIndependentTargetsInParallel = 1;
				LastSwiftUpdateCheck = 1400;
				LastUpgradeCheck = 1400;
				TargetAttributes = {
					9C3C8DE42914E485005EB565 = {
						CreatedOnToolsVersion = 14.0.1;
					};
				};
			};
			buildConfigurationList = 9C3C8DE02914E485005EB565 /* Build configuration list for PBXProject "LogInWithPassword" */;
			compatibilityVersion = "Xcode 14.0";
			developmentRegion = en;
			hasScannedForEncodings = 0;
			knownRegions = (
				en,
				Base,
			);
			mainGroup = 9C3C8DDC2914E485005EB565;
			productRefGroup = 9C3C8DE62914E485005EB565 /* Products */;
			projectDirPath = "";
			projectRoot = "";
			targets = (
				9C3C8DE42914E485005EB565 /* LogInWithPassword */,
			);
		};
/* End PBXProject section */

/* Begin PBXResourcesBuildPhase section */
		9C3C8DE32914E485005EB565 /* Resources */ = {
			isa = PBXResourcesBuildPhase;
			buildActionMask = 2147483647;
			files = (
				9C3C8DF52914E487005EB565 /* LaunchScreen.storyboard in Resources */,
				9C3C8DF22914E487005EB565 /* Assets.xcassets in Resources */,
				9C3C8DF02914E485005EB565 /* Main.storyboard in Resources */,
			);
			runOnlyForDeploymentPostprocessing = 0;
		};
/* End PBXResourcesBuildPhase section */

/* Begin PBXSourcesBuildPhase section */
		9C3C8DE12914E485005EB565 /* Sources */ = {
			isa = PBXSourcesBuildPhase;
			buildActionMask = 2147483647;
			files = (
				9CDA3332291C25D2007E51D3 /* TabBarViewController.swift in Sources */,
				9C3C8DED2914E485005EB565 /* LoginViewController.swift in Sources */,
				9CE81AFE2916E61B00C0CA16 /* WelcomeViewController.swift in Sources */,
				9C3C8DE92914E485005EB565 /* AppDelegate.swift in Sources */,
				9C21849F291C143400BD5313 /* DescribeViewController.swift in Sources */,
				9CE81B04291C067700C0CA16 /* Information.swift in Sources */,
				9CDA3330291C16F9007E51D3 /* StoryViewController.swift in Sources */,
				9C3C8DEB2914E485005EB565 /* SceneDelegate.swift in Sources */,
			);
			runOnlyForDeploymentPostprocessing = 0;
		};
/* End PBXSourcesBuildPhase section */

/* Begin PBXVariantGroup section */
		9C3C8DEE2914E485005EB565 /* Main.storyboard */ = {
			isa = PBXVariantGroup;
			children = (
				9C3C8DEF2914E485005EB565 /* Base */,
			);
			name = Main.storyboard;
			sourceTree = "<group>";
		};
		9C3C8DF32914E487005EB565 /* LaunchScreen.storyboard */ = {
			isa = PBXVariantGroup;
			children = (
				9C3C8DF42914E487005EB565 /* Base */,
			);
			name = LaunchScreen.storyboard;
			sourceTree = "<group>";
		};
/* End PBXVariantGroup section */

/* Begin XCBuildConfiguration section */
		9C3C8DF72914E487005EB565 /* Debug */ = {
			isa = XCBuildConfiguration;
			buildSettings = {
				ALWAYS_SEARCH_USER_PATHS = NO;
				CLANG_ANALYZER_NONNULL = YES;
				CLANG_ANALYZER_NUMBER_OBJECT_CONVERSION = YES_AGGRESSIVE;
				CLANG_CXX_LANGUAGE_STANDARD = "gnu++20";
				CLANG_ENABLE_MODULES = YES;
				CLANG_ENABLE_OBJC_ARC = YES;
				CLANG_ENABLE_OBJC_WEAK = YES;
				CLANG_WARN_BLOCK_CAPTURE_AUTORELEASING = YES;
				CLANG_WARN_BOOL_CONVERSION = YES;
				CLANG_WARN_COMMA = YES;
				CLANG_WARN_CONSTANT_CONVERSION = YES;
				CLANG_WARN_DEPRECATED_OBJC_IMPLEMENTATIONS = YES;
				CLANG_WARN_DIRECT_OBJC_ISA_USAGE = YES_ERROR;
				CLANG_WARN_DOCUMENTATION_COMMENTS = YES;
				CLANG_WARN_EMPTY_BODY = YES;
				CLANG_WARN_ENUM_CONVERSION = YES;
				CLANG_WARN_INFINITE_RECURSION = YES;
				CLANG_WARN_INT_CONVERSION = YES;
				CLANG_WARN_NON_LITERAL_NULL_CONVERSION = YES;
				CLANG_WARN_OBJC_IMPLICIT_RETAIN_SELF = YES;
				CLANG_WARN_OBJC_LITERAL_CONVERSION = YES;
				CLANG_WARN_OBJC_ROOT_CLASS = YES_ERROR;
				CLANG_WARN_QUOTED_INCLUDE_IN_FRAMEWORK_HEADER = YES;
				CLANG_WARN_RANGE_LOOP_ANALYSIS = YES;
				CLANG_WARN_STRICT_PROTOTYPES = YES;
				CLANG_WARN_SUSPICIOUS_MOVE = YES;
				CLANG_WARN_UNGUARDED_AVAILABILITY = YES_AGGRESSIVE;
				CLANG_WARN_UNREACHABLE_CODE = YES;
				CLANG_WARN__DUPLICATE_METHOD_MATCH = YES;
				COPY_PHASE_STRIP = NO;
				DEBUG_INFORMATION_FORMAT = dwarf;
				ENABLE_STRICT_OBJC_MSGSEND = YES;
				ENABLE_TESTABILITY = YES;
				GCC_C_LANGUAGE_STANDARD = gnu11;
				GCC_DYNAMIC_NO_PIC = NO;
				GCC_NO_COMMON_BLOCKS = YES;
				GCC_OPTIMIZATION_LEVEL = 0;
				GCC_PREPROCESSOR_DEFINITIONS = (
					"DEBUG=1",
					"$(inherited)",
				);
				GCC_WARN_64_TO_32_BIT_CONVERSION = YES;
				GCC_WARN_ABOUT_RETURN_TYPE = YES_ERROR;
				GCC_WARN_UNDECLARED_SELECTOR = YES;
				GCC_WARN_UNINITIALIZED_AUTOS = YES_AGGRESSIVE;
				GCC_WARN_UNUSED_FUNCTION = YES;
				GCC_WARN_UNUSED_VARIABLE = YES;
				IPHONEOS_DEPLOYMENT_TARGET = 16.0;
				MTL_ENABLE_DEBUG_INFO = INCLUDE_SOURCE;
				MTL_FAST_MATH = YES;
				ONLY_ACTIVE_ARCH = YES;
				SDKROOT = iphoneos;
				SWIFT_ACTIVE_COMPILATION_CONDITIONS = DEBUG;
				SWIFT_OPTIMIZATION_LEVEL = "-Onone";
			};
			name = Debug;
		};
		9C3C8DF82914E487005EB565 /* Release */ = {
			isa = XCBuildConfiguration;
			buildSettings = {
				ALWAYS_SEARCH_USER_PATHS = NO;
				CLANG_ANALYZER_NONNULL = YES;
				CLANG_ANALYZER_NUMBER_OBJECT_CONVERSION = YES_AGGRESSIVE;
				CLANG_CXX_LANGUAGE_STANDARD = "gnu++20";
				CLANG_ENABLE_MODULES = YES;
				CLANG_ENABLE_OBJC_ARC = YES;
				CLANG_ENABLE_OBJC_WEAK = YES;
				CLANG_WARN_BLOCK_CAPTURE_AUTORELEASING = YES;
				CLANG_WARN_BOOL_CONVERSION = YES;
				CLANG_WARN_COMMA = YES;
				CLANG_WARN_CONSTANT_CONVERSION = YES;
				CLANG_WARN_DEPRECATED_OBJC_IMPLEMENTATIONS = YES;
				CLANG_WARN_DIRECT_OBJC_ISA_USAGE = YES_ERROR;
				CLANG_WARN_DOCUMENTATION_COMMENTS = YES;
				CLANG_WARN_EMPTY_BODY = YES;
				CLANG_WARN_ENUM_CONVERSION = YES;
				CLANG_WARN_INFINITE_RECURSION = YES;
				CLANG_WARN_INT_CONVERSION = YES;
				CLANG_WARN_NON_LITERAL_NULL_CONVERSION = YES;
				CLANG_WARN_OBJC_IMPLICIT_RETAIN_SELF = YES;
				CLANG_WARN_OBJC_LITERAL_CONVERSION = YES;
				CLANG_WARN_OBJC_ROOT_CLASS = YES_ERROR;
				CLANG_WARN_QUOTED_INCLUDE_IN_FRAMEWORK_HEADER = YES;
				CLANG_WARN_RANGE_LOOP_ANALYSIS = YES;
				CLANG_WARN_STRICT_PROTOTYPES = YES;
				CLANG_WARN_SUSPICIOUS_MOVE = YES;
				CLANG_WARN_UNGUARDED_AVAILABILITY = YES_AGGRESSIVE;
				CLANG_WARN_UNREACHABLE_CODE = YES;
				CLANG_WARN__DUPLICATE_METHOD_MATCH = YES;
				COPY_PHASE_STRIP = NO;
				DEBUG_INFORMATION_FORMAT = "dwarf-with-dsym";
				ENABLE_NS_ASSERTIONS = NO;
				ENABLE_STRICT_OBJC_MSGSEND = YES;
				GCC_C_LANGUAGE_STANDARD = gnu11;
				GCC_NO_COMMON_BLOCKS = YES;
				GCC_WARN_64_TO_32_BIT_CONVERSION = YES;
				GCC_WARN_ABOUT_RETURN_TYPE = YES_ERROR;
				GCC_WARN_UNDECLARED_SELECTOR = YES;
				GCC_WARN_UNINITIALIZED_AUTOS = YES_AGGRESSIVE;
				GCC_WARN_UNUSED_FUNCTION = YES;
				GCC_WARN_UNUSED_VARIABLE = YES;
				IPHONEOS_DEPLOYMENT_TARGET = 16.0;
				MTL_ENABLE_DEBUG_INFO = NO;
				MTL_FAST_MATH = YES;
				SDKROOT = iphoneos;
				SWIFT_COMPILATION_MODE = wholemodule;
				SWIFT_OPTIMIZATION_LEVEL = "-O";
				VALIDATE_PRODUCT = YES;
			};
			name = Release;
		};
		9C3C8DFA2914E487005EB565 /* Debug */ = {
			isa = XCBuildConfiguration;
			buildSettings = {
				ASSETCATALOG_COMPILER_APPICON_NAME = AppIcon;
				ASSETCATALOG_COMPILER_GLOBAL_ACCENT_COLOR_NAME = AccentColor;
				CODE_SIGN_STYLE = Automatic;
				CURRENT_PROJECT_VERSION = 1;
				DEVELOPMENT_TEAM = 9NBVCD3V3Y;
				GENERATE_INFOPLIST_FILE = YES;
				INFOPLIST_FILE = LogInWithPassword/App/Info.plist;
				INFOPLIST_KEY_UIApplicationSupportsIndirectInputEvents = YES;
				INFOPLIST_KEY_UILaunchStoryboardName = LaunchScreen;
				INFOPLIST_KEY_UIMainStoryboardFile = Main;
				INFOPLIST_KEY_UISupportedInterfaceOrientations = UIInterfaceOrientationPortrait;
				INFOPLIST_KEY_UISupportedInterfaceOrientations_iPad = "UIInterfaceOrientationLandscapeLeft UIInterfaceOrientationLandscapeRight UIInterfaceOrientationPortraitUpsideDown";
				LD_RUNPATH_SEARCH_PATHS = (
					"$(inherited)",
					"@executable_path/Frameworks",
				);
				MARKETING_VERSION = 1.0;
				PRODUCT_BUNDLE_IDENTIFIER = "Dmitriy-Seleznev.LogInWithPassword";
				PRODUCT_NAME = "$(TARGET_NAME)";
				SUPPORTED_PLATFORMS = "iphoneos iphonesimulator";
				SUPPORTS_MACCATALYST = NO;
				SUPPORTS_MAC_DESIGNED_FOR_IPHONE_IPAD = YES;
				SWIFT_EMIT_LOC_STRINGS = YES;
				SWIFT_VERSION = 5.0;
				TARGETED_DEVICE_FAMILY = 1;
			};
			name = Debug;
		};
		9C3C8DFB2914E487005EB565 /* Release */ = {
			isa = XCBuildConfiguration;
			buildSettings = {
				ASSETCATALOG_COMPILER_APPICON_NAME = AppIcon;
				ASSETCATALOG_COMPILER_GLOBAL_ACCENT_COLOR_NAME = AccentColor;
				CODE_SIGN_STYLE = Automatic;
				CURRENT_PROJECT_VERSION = 1;
				DEVELOPMENT_TEAM = 9NBVCD3V3Y;
				GENERATE_INFOPLIST_FILE = YES;
				INFOPLIST_FILE = LogInWithPassword/App/Info.plist;
				INFOPLIST_KEY_UIApplicationSupportsIndirectInputEvents = YES;
				INFOPLIST_KEY_UILaunchStoryboardName = LaunchScreen;
				INFOPLIST_KEY_UIMainStoryboardFile = Main;
				INFOPLIST_KEY_UISupportedInterfaceOrientations = UIInterfaceOrientationPortrait;
				INFOPLIST_KEY_UISupportedInterfaceOrientations_iPad = "UIInterfaceOrientationLandscapeLeft UIInterfaceOrientationLandscapeRight UIInterfaceOrientationPortraitUpsideDown";
				LD_RUNPATH_SEARCH_PATHS = (
					"$(inherited)",
					"@executable_path/Frameworks",
				);
				MARKETING_VERSION = 1.0;
				PRODUCT_BUNDLE_IDENTIFIER = "Dmitriy-Seleznev.LogInWithPassword";
				PRODUCT_NAME = "$(TARGET_NAME)";
				SUPPORTED_PLATFORMS = "iphoneos iphonesimulator";
				SUPPORTS_MACCATALYST = NO;
				SUPPORTS_MAC_DESIGNED_FOR_IPHONE_IPAD = YES;
				SWIFT_EMIT_LOC_STRINGS = YES;
				SWIFT_VERSION = 5.0;
				TARGETED_DEVICE_FAMILY = 1;
			};
			name = Release;
		};
/* End XCBuildConfiguration section */

/* Begin XCConfigurationList section */
		9C3C8DE02914E485005EB565 /* Build configuration list for PBXProject "LogInWithPassword" */ = {
			isa = XCConfigurationList;
			buildConfigurations = (
				9C3C8DF72914E487005EB565 /* Debug */,
				9C3C8DF82914E487005EB565 /* Release */,
			);
			defaultConfigurationIsVisible = 0;
			defaultConfigurationName = Release;
		};
		9C3C8DF92914E487005EB565 /* Build configuration list for PBXNativeTarget "LogInWithPassword" */ = {
			isa = XCConfigurationList;
			buildConfigurations = (
				9C3C8DFA2914E487005EB565 /* Debug */,
				9C3C8DFB2914E487005EB565 /* Release */,
			);
			defaultConfigurationIsVisible = 0;
			defaultConfigurationName = Release;
		};
/* End XCConfigurationList section */
	};
	rootObject = 9C3C8DDD2914E485005EB565 /* Project object */;
}
